{
    "_meta": {
        "hash": {
            "sha256": "76541ab0c4921e0b5c4d03f5fda54b8ce9643a5299b673032a3e75f6e0a136d6"
        },
        "pipfile-spec": 6,
        "requires": {
            "python_version": "2.7"
        },
        "sources": [
            {
                "name": "pypi",
                "url": "https://pypi.python.org/simple",
                "verify_ssl": true
            }
        ]
    },
    "default": {
        "drift": {
            "editable": true,
            "git": "https://mattig@github.com/dgnorth/drift.git",
            "ref": "3ce32a676b6ca1920382a7470f2b6f21ffa42a32"
        },
        "driftconfig": {
            "editable": true,
            "git": "https://github.com/dgnorth/drift-config.git",
            "ref": "62017329e16e56a628fe3275d6ff5c2c49f6ea90"
        }
    },
    "develop": {}
}
